# This file is autogenerated, do not edit; changes may be undone by the next 'dep ensure'.


[[projects]]
  branch = "master"
  name = "github.com/joeshaw/envdecode"
  packages = ["."]
  revision = "6326cbed175e32cd5183be1cc1027e0823c91edb"

[[projects]]
  branch = "v2"
  name = "gopkg.in/yaml.v2"
  packages = ["."]
  revision = "eb3733d160e74a9c7e442f435eb3bea458e1d19f"

[solve-meta]
  analyzer-name = "dep"
  analyzer-version = 1
  inputs-digest = "90e7f7a6c275c012b7965a2fc243bb76312452d84ec38eaa400886ef6729c1fe"
  solver-name = "gps-cdcl"
  solver-version = 1
